
Microsoft Visual Studio Solution File, Format Version 12.00
# Visual Studio Version 17
VisualStudioVersion = 17.0.32126.317
MinimumVisualStudioVersion = 10.0.40219.1
Project("{9A19103F-16F7-4668-BE54-9A1E7A4F7556}") = "Server", "Server\Server.csproj", "{8C434D1E-E479-45C2-808D-E3C32185D3A0}"
EndProject
Project("{9A19103F-16F7-4668-BE54-9A1E7A4F7556}") = "Client", "Client\Client.csproj", "{62C99EE0-9F20-42EE-89DD-B71FAD49D561}"
EndProject
Global
	GlobalSection(SolutionConfigurationPlatforms) = preSolution
		Debug|Any CPU = Debug|Any CPU
		Release|Any CPU = Release|Any CPU
	EndGlobalSection
	GlobalSection(ProjectConfigurationPlatforms) = postSolution
		{8C434D1E-E479-45C2-808D-E3C32185D3A0}.Debug|Any CPU.ActiveCfg = Debug|Any CPU
		{8C434D1E-E479-45C2-808D-E3C32185D3A0}.Debug|Any CPU.Build.0 = Debug|Any CPU
		{8C434D1E-E479-45C2-808D-E3C32185D3A0}.Release|Any CPU.ActiveCfg = Release|Any CPU
		{8C434D1E-E479-45C2-808D-E3C32185D3A0}.Release|Any CPU.Build.0 = Release|Any CPU
		{62C99EE0-9F20-42EE-89DD-B71FAD49D561}.Debug|Any CPU.ActiveCfg = Debug|Any CPU
		{62C99EE0-9F20-42EE-89DD-B71FAD49D561}.Debug|Any CPU.Build.0 = Debug|Any CPU
		{62C99EE0-9F20-42EE-89DD-B71FAD49D561}.Release|Any CPU.ActiveCfg = Release|Any CPU
		{62C99EE0-9F20-42EE-89DD-B71FAD49D561}.Release|Any CPU.Build.0 = Release|Any CPU
	EndGlobalSection
	GlobalSection(SolutionProperties) = preSolution
		HideSolutionNode = FALSE
	EndGlobalSection
	GlobalSection(ExtensibilityGlobals) = postSolution
		SolutionGuid = {F04294DE-E355-4400-91B1-072BB13E910A}
	EndGlobalSection
EndGlobal
