
Microsoft Visual Studio Solution File, Format Version 12.00
# Visual Studio Version 17
VisualStudioVersion = 17.1.32210.238
MinimumVisualStudioVersion = 10.0.40219.1
Project("{9A19103F-16F7-4668-BE54-9A1E7A4F7556}") = "WebServer", "WebServer\WebServer.csproj", "{37679F5C-C22B-4D17-92D1-9F4808F6BFB2}"
EndProject
Project("{FAE04EC0-301F-11D3-BF4B-00C04F79EFBC}") = "Client", "Client\Client.csproj", "{D0C0189B-8F4B-4D6A-BCBB-5152D6B6DBA0}"
EndProject
Global
	GlobalSection(SolutionConfigurationPlatforms) = preSolution
		Debug|Any CPU = Debug|Any CPU
		Release|Any CPU = Release|Any CPU
	EndGlobalSection
	GlobalSection(ProjectConfigurationPlatforms) = postSolution
		{37679F5C-C22B-4D17-92D1-9F4808F6BFB2}.Debug|Any CPU.ActiveCfg = Debug|Any CPU
		{37679F5C-C22B-4D17-92D1-9F4808F6BFB2}.Debug|Any CPU.Build.0 = Debug|Any CPU
		{37679F5C-C22B-4D17-92D1-9F4808F6BFB2}.Release|Any CPU.ActiveCfg = Release|Any CPU
		{37679F5C-C22B-4D17-92D1-9F4808F6BFB2}.Release|Any CPU.Build.0 = Release|Any CPU
		{D0C0189B-8F4B-4D6A-BCBB-5152D6B6DBA0}.Debug|Any CPU.ActiveCfg = Debug|Any CPU
		{D0C0189B-8F4B-4D6A-BCBB-5152D6B6DBA0}.Debug|Any CPU.Build.0 = Debug|Any CPU
		{D0C0189B-8F4B-4D6A-BCBB-5152D6B6DBA0}.Release|Any CPU.ActiveCfg = Release|Any CPU
		{D0C0189B-8F4B-4D6A-BCBB-5152D6B6DBA0}.Release|Any CPU.Build.0 = Release|Any CPU
	EndGlobalSection
	GlobalSection(SolutionProperties) = preSolution
		HideSolutionNode = FALSE
	EndGlobalSection
	GlobalSection(ExtensibilityGlobals) = postSolution
		SolutionGuid = {76BCDD03-FF88-4E9A-82BA-DA6BB5C394EA}
	EndGlobalSection
EndGlobal
